
Microsoft Visual Studio Solution File, Format Version 12.00
# Visual Studio Version 17
VisualStudioVersion = 17.6.33815.320
MinimumVisualStudioVersion = 10.0.40219.1
Project("{FAE04EC0-301F-11D3-BF4B-00C04F79EFBC}") = "Language-Study-App", "Language-Study-App\Language-Study-App.csproj", "{1BBEF1F3-0931-4B26-A7E3-2032FF5FE1EA}"
EndProject
Global
	GlobalSection(SolutionConfigurationPlatforms) = preSolution
		Debug|Any CPU = Debug|Any CPU
		Release|Any CPU = Release|Any CPU
	EndGlobalSection
	GlobalSection(ProjectConfigurationPlatforms) = postSolution
		{1BBEF1F3-0931-4B26-A7E3-2032FF5FE1EA}.Debug|Any CPU.ActiveCfg = Debug|Any CPU
		{1BBEF1F3-0931-4B26-A7E3-2032FF5FE1EA}.Debug|Any CPU.Build.0 = Debug|Any CPU
		{1BBEF1F3-0931-4B26-A7E3-2032FF5FE1EA}.Release|Any CPU.ActiveCfg = Release|Any CPU
		{1BBEF1F3-0931-4B26-A7E3-2032FF5FE1EA}.Release|Any CPU.Build.0 = Release|Any CPU
	EndGlobalSection
	GlobalSection(SolutionProperties) = preSolution
		HideSolutionNode = FALSE
	EndGlobalSection
	GlobalSection(ExtensibilityGlobals) = postSolution
		SolutionGuid = {5F6CCEE6-3F5A-48C5-A5CD-83F16643F287}
	EndGlobalSection
EndGlobal
